// !$*UTF8*$!
{
	archiveVersion = 1;
	classes = {
	};
	objectVersion = 56;
	objects = {

/* Begin PBXBuildFile section */
		3919F7332C83157000E63624 /* AKSwiftUIApp.swift in Sources */ = {isa = PBXBuildFile; fileRef = 3919F7322C83157000E63624 /* AKSwiftUIApp.swift */; };
		3919F7352C83157000E63624 /* SplitWndContentView.swift in Sources */ = {isa = PBXBuildFile; fileRef = 3919F7342C83157000E63624 /* SplitWndContentView.swift */; };
		3919F7372C83157100E63624 /* Assets.xcassets in Resources */ = {isa = PBXBuildFile; fileRef = 3919F7362C83157100E63624 /* Assets.xcassets */; };
		3919F73A2C83157100E63624 /* Preview Assets.xcassets in Resources */ = {isa = PBXBuildFile; fileRef = 3919F7392C83157100E63624 /* Preview Assets.xcassets */; };
		9339A1AD2CA99EEC00EC9A7A /* AKSUWindow.swift in Sources */ = {isa = PBXBuildFile; fileRef = 9339A1AC2CA99EEC00EC9A7A /* AKSUWindow.swift */; };
		9339A1AF2CAACEA900EC9A7A /* AKSUInputPin.swift in Sources */ = {isa = PBXBuildFile; fileRef = 9339A1AE2CAACEA900EC9A7A /* AKSUInputPin.swift */; };
		9339A1B12CAACEB800EC9A7A /* AKSUStep.swift in Sources */ = {isa = PBXBuildFile; fileRef = 9339A1B02CAACEB800EC9A7A /* AKSUStep.swift */; };
		9339A1B32CAACFBB00EC9A7A /* AKSUKeyPressMonitor.swift in Sources */ = {isa = PBXBuildFile; fileRef = 9339A1B22CAACFBB00EC9A7A /* AKSUKeyPressMonitor.swift */; };
		9350172D2CA93A7900E44CB4 /* AKSUAppearance.swift in Sources */ = {isa = PBXBuildFile; fileRef = 9350172C2CA93A7900E44CB4 /* AKSUAppearance.swift */; };
		93509D652C88A7BC00CA3645 /* SplitContentView.swift in Sources */ = {isa = PBXBuildFile; fileRef = 93509D642C88A7BC00CA3645 /* SplitContentView.swift */; };
		9355A0742CA519F600CA164C /* AKSUStepAnimationView.swift in Sources */ = {isa = PBXBuildFile; fileRef = 9355A04E2CA519F600CA164C /* AKSUStepAnimationView.swift */; };
		9355A0752CA519F600CA164C /* AKSUAnyViewArrayBuilder.swift in Sources */ = {isa = PBXBuildFile; fileRef = 9355A0502CA519F600CA164C /* AKSUAnyViewArrayBuilder.swift */; };
		9355A0762CA519F600CA164C /* AKSUClickGesture.swift in Sources */ = {isa = PBXBuildFile; fileRef = 9355A0512CA519F600CA164C /* AKSUClickGesture.swift */; };
		9355A0772CA519F600CA164C /* AKSUMouseEventMonitor.swift in Sources */ = {isa = PBXBuildFile; fileRef = 9355A0522CA519F600CA164C /* AKSUMouseEventMonitor.swift */; };
		9355A0782CA519F600CA164C /* AKSUMouseEventView.swift in Sources */ = {isa = PBXBuildFile; fileRef = 9355A0532CA519F600CA164C /* AKSUMouseEventView.swift */; };
		9355A0792CA519F600CA164C /* AKSUScreen.swift in Sources */ = {isa = PBXBuildFile; fileRef = 9355A0542CA519F600CA164C /* AKSUScreen.swift */; };
		9355A07A2CA519F600CA164C /* AKSUFlex.swift in Sources */ = {isa = PBXBuildFile; fileRef = 9355A0562CA519F600CA164C /* AKSUFlex.swift */; };
		9355A07B2CA519F600CA164C /* AKSUGrid.swift in Sources */ = {isa = PBXBuildFile; fileRef = 9355A0572CA519F600CA164C /* AKSUGrid.swift */; };
		9355A07C2CA519F600CA164C /* AKSUSplitStack.swift in Sources */ = {isa = PBXBuildFile; fileRef = 9355A0582CA519F600CA164C /* AKSUSplitStack.swift */; };
		9355A07D2CA519F600CA164C /* AKSUSplitWnd.swift in Sources */ = {isa = PBXBuildFile; fileRef = 9355A0592CA519F600CA164C /* AKSUSplitWnd.swift */; };
		9355A07E2CA519F600CA164C /* AKSUWarpStack.swift in Sources */ = {isa = PBXBuildFile; fileRef = 9355A05A2CA519F600CA164C /* AKSUWarpStack.swift */; };
		9355A07F2CA519F600CA164C /* AKSUWindowAccessor.swift in Sources */ = {isa = PBXBuildFile; fileRef = 9355A05B2CA519F600CA164C /* AKSUWindowAccessor.swift */; };
		9355A0802CA519F600CA164C /* AKSUColor.swift in Sources */ = {isa = PBXBuildFile; fileRef = 9355A05D2CA519F600CA164C /* AKSUColor.swift */; };
		9355A0812CA519F600CA164C /* AKSUFont.swift in Sources */ = {isa = PBXBuildFile; fileRef = 9355A05E2CA519F600CA164C /* AKSUFont.swift */; };
		9355A0822CA519F600CA164C /* AKSUBadges.swift in Sources */ = {isa = PBXBuildFile; fileRef = 9355A0602CA519F600CA164C /* AKSUBadges.swift */; };
		9355A0832CA519F600CA164C /* AKSUButton.swift in Sources */ = {isa = PBXBuildFile; fileRef = 9355A0612CA519F600CA164C /* AKSUButton.swift */; };
		9355A0842CA519F600CA164C /* AKSUCheckBox.swift in Sources */ = {isa = PBXBuildFile; fileRef = 9355A0622CA519F600CA164C /* AKSUCheckBox.swift */; };
		9355A0852CA519F600CA164C /* AKSUCircleProgress.swift in Sources */ = {isa = PBXBuildFile; fileRef = 9355A0632CA519F600CA164C /* AKSUCircleProgress.swift */; };
		9355A0862CA519F600CA164C /* AKSUCircleRingShape.swift in Sources */ = {isa = PBXBuildFile; fileRef = 9355A0642CA519F600CA164C /* AKSUCircleRingShape.swift */; };
		9355A0872CA519F600CA164C /* AKSUClick.swift in Sources */ = {isa = PBXBuildFile; fileRef = 9355A0652CA519F600CA164C /* AKSUClick.swift */; };
		9355A0882CA519F600CA164C /* AKSUCollapse.swift in Sources */ = {isa = PBXBuildFile; fileRef = 9355A0662CA519F600CA164C /* AKSUCollapse.swift */; };
		9355A0892CA519F600CA164C /* AKSUContainBox.swift in Sources */ = {isa = PBXBuildFile; fileRef = 9355A0672CA519F600CA164C /* AKSUContainBox.swift */; };
		9355A08A2CA519F600CA164C /* AKSUDropdown.swift in Sources */ = {isa = PBXBuildFile; fileRef = 9355A0682CA519F600CA164C /* AKSUDropdown.swift */; };
		9355A08B2CA519F600CA164C /* AKSUInput.swift in Sources */ = {isa = PBXBuildFile; fileRef = 9355A0692CA519F600CA164C /* AKSUInput.swift */; };
		9355A08C2CA519F600CA164C /* AKSUInputGroup.swift in Sources */ = {isa = PBXBuildFile; fileRef = 9355A06A2CA519F600CA164C /* AKSUInputGroup.swift */; };
		9355A08D2CA519F600CA164C /* AKSUPopover.swift in Sources */ = {isa = PBXBuildFile; fileRef = 9355A06B2CA519F600CA164C /* AKSUPopover.swift */; };
		9355A08E2CA519F600CA164C /* AKSUPopWnd.swift in Sources */ = {isa = PBXBuildFile; fileRef = 9355A06C2CA519F600CA164C /* AKSUPopWnd.swift */; };
		9355A08F2CA519F600CA164C /* AKSUProgress.swift in Sources */ = {isa = PBXBuildFile; fileRef = 9355A06D2CA519F600CA164C /* AKSUProgress.swift */; };
		9355A0902CA519F600CA164C /* AKSURadio.swift in Sources */ = {isa = PBXBuildFile; fileRef = 9355A06E2CA519F600CA164C /* AKSURadio.swift */; };
		9355A0912CA519F600CA164C /* AKSURange.swift in Sources */ = {isa = PBXBuildFile; fileRef = 9355A06F2CA519F600CA164C /* AKSURange.swift */; };
		9355A0922CA519F600CA164C /* AKSUSegment.swift in Sources */ = {isa = PBXBuildFile; fileRef = 9355A0702CA519F600CA164C /* AKSUSegment.swift */; };
		9355A0932CA519F600CA164C /* AKSUTable.swift in Sources */ = {isa = PBXBuildFile; fileRef = 9355A0712CA519F600CA164C /* AKSUTable.swift */; };
		9355A0942CA519F600CA164C /* AKSUToast.swift in Sources */ = {isa = PBXBuildFile; fileRef = 9355A0722CA519F600CA164C /* AKSUToast.swift */; };
/* End PBXBuildFile section */

/* Begin PBXFileReference section */
		3919F72F2C83157000E63624 /* AKSwiftUI.app */ = {isa = PBXFileReference; explicitFileType = wrapper.application; includeInIndex = 0; path = AKSwiftUI.app; sourceTree = BUILT_PRODUCTS_DIR; };
		3919F7322C83157000E63624 /* AKSwiftUIApp.swift */ = {isa = PBXFileReference; lastKnownFileType = sourcecode.swift; path = AKSwiftUIApp.swift; sourceTree = "<group>"; };
		3919F7342C83157000E63624 /* SplitWndContentView.swift */ = {isa = PBXFileReference; lastKnownFileType = sourcecode.swift; path = SplitWndContentView.swift; sourceTree = "<group>"; };
		3919F7362C83157100E63624 /* Assets.xcassets */ = {isa = PBXFileReference; lastKnownFileType = folder.assetcatalog; path = Assets.xcassets; sourceTree = "<group>"; };
		3919F7392C83157100E63624 /* Preview Assets.xcassets */ = {isa = PBXFileReference; lastKnownFileType = folder.assetcatalog; path = "Preview Assets.xcassets"; sourceTree = "<group>"; };
		9339A1AC2CA99EEC00EC9A7A /* AKSUWindow.swift */ = {isa = PBXFileReference; lastKnownFileType = sourcecode.swift; path = AKSUWindow.swift; sourceTree = "<group>"; };
		9339A1AE2CAACEA900EC9A7A /* AKSUInputPin.swift */ = {isa = PBXFileReference; lastKnownFileType = sourcecode.swift; path = AKSUInputPin.swift; sourceTree = "<group>"; };
		9339A1B02CAACEB800EC9A7A /* AKSUStep.swift */ = {isa = PBXFileReference; lastKnownFileType = sourcecode.swift; path = AKSUStep.swift; sourceTree = "<group>"; };
		9339A1B22CAACFBB00EC9A7A /* AKSUKeyPressMonitor.swift */ = {isa = PBXFileReference; lastKnownFileType = sourcecode.swift; path = AKSUKeyPressMonitor.swift; sourceTree = "<group>"; };
		9350172C2CA93A7900E44CB4 /* AKSUAppearance.swift */ = {isa = PBXFileReference; lastKnownFileType = sourcecode.swift; path = AKSUAppearance.swift; sourceTree = "<group>"; };
		93509D642C88A7BC00CA3645 /* SplitContentView.swift */ = {isa = PBXFileReference; lastKnownFileType = sourcecode.swift; path = SplitContentView.swift; sourceTree = "<group>"; };
		9355A04E2CA519F600CA164C /* AKSUStepAnimationView.swift */ = {isa = PBXFileReference; fileEncoding = 4; lastKnownFileType = sourcecode.swift; path = AKSUStepAnimationView.swift; sourceTree = "<group>"; };
		9355A0502CA519F600CA164C /* AKSUAnyViewArrayBuilder.swift */ = {isa = PBXFileReference; fileEncoding = 4; lastKnownFileType = sourcecode.swift; path = AKSUAnyViewArrayBuilder.swift; sourceTree = "<group>"; };
		9355A0512CA519F600CA164C /* AKSUClickGesture.swift */ = {isa = PBXFileReference; fileEncoding = 4; lastKnownFileType = sourcecode.swift; path = AKSUClickGesture.swift; sourceTree = "<group>"; };
		9355A0522CA519F600CA164C /* AKSUMouseEventMonitor.swift */ = {isa = PBXFileReference; fileEncoding = 4; lastKnownFileType = sourcecode.swift; path = AKSUMouseEventMonitor.swift; sourceTree = "<group>"; };
		9355A0532CA519F600CA164C /* AKSUMouseEventView.swift */ = {isa = PBXFileReference; fileEncoding = 4; lastKnownFileType = sourcecode.swift; path = AKSUMouseEventView.swift; sourceTree = "<group>"; };
		9355A0542CA519F600CA164C /* AKSUScreen.swift */ = {isa = PBXFileReference; fileEncoding = 4; lastKnownFileType = sourcecode.swift; path = AKSUScreen.swift; sourceTree = "<group>"; };
		9355A0562CA519F600CA164C /* AKSUFlex.swift */ = {isa = PBXFileReference; fileEncoding = 4; lastKnownFileType = sourcecode.swift; path = AKSUFlex.swift; sourceTree = "<group>"; };
		9355A0572CA519F600CA164C /* AKSUGrid.swift */ = {isa = PBXFileReference; fileEncoding = 4; lastKnownFileType = sourcecode.swift; path = AKSUGrid.swift; sourceTree = "<group>"; };
		9355A0582CA519F600CA164C /* AKSUSplitStack.swift */ = {isa = PBXFileReference; fileEncoding = 4; lastKnownFileType = sourcecode.swift; path = AKSUSplitStack.swift; sourceTree = "<group>"; };
		9355A0592CA519F600CA164C /* AKSUSplitWnd.swift */ = {isa = PBXFileReference; fileEncoding = 4; lastKnownFileType = sourcecode.swift; path = AKSUSplitWnd.swift; sourceTree = "<group>"; };
		9355A05A2CA519F600CA164C /* AKSUWarpStack.swift */ = {isa = PBXFileReference; fileEncoding = 4; lastKnownFileType = sourcecode.swift; path = AKSUWarpStack.swift; sourceTree = "<group>"; };
		9355A05B2CA519F600CA164C /* AKSUWindowAccessor.swift */ = {isa = PBXFileReference; fileEncoding = 4; lastKnownFileType = sourcecode.swift; path = AKSUWindowAccessor.swift; sourceTree = "<group>"; };
		9355A05D2CA519F600CA164C /* AKSUColor.swift */ = {isa = PBXFileReference; fileEncoding = 4; lastKnownFileType = sourcecode.swift; path = AKSUColor.swift; sourceTree = "<group>"; };
		9355A05E2CA519F600CA164C /* AKSUFont.swift */ = {isa = PBXFileReference; fileEncoding = 4; lastKnownFileType = sourcecode.swift; path = AKSUFont.swift; sourceTree = "<group>"; };
		9355A0602CA519F600CA164C /* AKSUBadges.swift */ = {isa = PBXFileReference; fileEncoding = 4; lastKnownFileType = sourcecode.swift; path = AKSUBadges.swift; sourceTree = "<group>"; };
		9355A0612CA519F600CA164C /* AKSUButton.swift */ = {isa = PBXFileReference; fileEncoding = 4; lastKnownFileType = sourcecode.swift; path = AKSUButton.swift; sourceTree = "<group>"; };
		9355A0622CA519F600CA164C /* AKSUCheckBox.swift */ = {isa = PBXFileReference; fileEncoding = 4; lastKnownFileType = sourcecode.swift; path = AKSUCheckBox.swift; sourceTree = "<group>"; };
		9355A0632CA519F600CA164C /* AKSUCircleProgress.swift */ = {isa = PBXFileReference; fileEncoding = 4; lastKnownFileType = sourcecode.swift; path = AKSUCircleProgress.swift; sourceTree = "<group>"; };
		9355A0642CA519F600CA164C /* AKSUCircleRingShape.swift */ = {isa = PBXFileReference; fileEncoding = 4; lastKnownFileType = sourcecode.swift; path = AKSUCircleRingShape.swift; sourceTree = "<group>"; };
		9355A0652CA519F600CA164C /* AKSUClick.swift */ = {isa = PBXFileReference; fileEncoding = 4; lastKnownFileType = sourcecode.swift; path = AKSUClick.swift; sourceTree = "<group>"; };
		9355A0662CA519F600CA164C /* AKSUCollapse.swift */ = {isa = PBXFileReference; fileEncoding = 4; lastKnownFileType = sourcecode.swift; path = AKSUCollapse.swift; sourceTree = "<group>"; };
		9355A0672CA519F600CA164C /* AKSUContainBox.swift */ = {isa = PBXFileReference; fileEncoding = 4; lastKnownFileType = sourcecode.swift; path = AKSUContainBox.swift; sourceTree = "<group>"; };
		9355A0682CA519F600CA164C /* AKSUDropdown.swift */ = {isa = PBXFileReference; fileEncoding = 4; lastKnownFileType = sourcecode.swift; path = AKSUDropdown.swift; sourceTree = "<group>"; };
		9355A0692CA519F600CA164C /* AKSUInput.swift */ = {isa = PBXFileReference; fileEncoding = 4; lastKnownFileType = sourcecode.swift; path = AKSUInput.swift; sourceTree = "<group>"; };
		9355A06A2CA519F600CA164C /* AKSUInputGroup.swift */ = {isa = PBXFileReference; fileEncoding = 4; lastKnownFileType = sourcecode.swift; path = AKSUInputGroup.swift; sourceTree = "<group>"; };
		9355A06B2CA519F600CA164C /* AKSUPopover.swift */ = {isa = PBXFileReference; fileEncoding = 4; lastKnownFileType = sourcecode.swift; path = AKSUPopover.swift; sourceTree = "<group>"; };
		9355A06C2CA519F600CA164C /* AKSUPopWnd.swift */ = {isa = PBXFileReference; fileEncoding = 4; lastKnownFileType = sourcecode.swift; path = AKSUPopWnd.swift; sourceTree = "<group>"; };
		9355A06D2CA519F600CA164C /* AKSUProgress.swift */ = {isa = PBXFileReference; fileEncoding = 4; lastKnownFileType = sourcecode.swift; path = AKSUProgress.swift; sourceTree = "<group>"; };
		9355A06E2CA519F600CA164C /* AKSURadio.swift */ = {isa = PBXFileReference; fileEncoding = 4; lastKnownFileType = sourcecode.swift; path = AKSURadio.swift; sourceTree = "<group>"; };
		9355A06F2CA519F600CA164C /* AKSURange.swift */ = {isa = PBXFileReference; fileEncoding = 4; lastKnownFileType = sourcecode.swift; path = AKSURange.swift; sourceTree = "<group>"; };
		9355A0702CA519F600CA164C /* AKSUSegment.swift */ = {isa = PBXFileReference; fileEncoding = 4; lastKnownFileType = sourcecode.swift; path = AKSUSegment.swift; sourceTree = "<group>"; };
		9355A0712CA519F600CA164C /* AKSUTable.swift */ = {isa = PBXFileReference; fileEncoding = 4; lastKnownFileType = sourcecode.swift; path = AKSUTable.swift; sourceTree = "<group>"; };
		9355A0722CA519F600CA164C /* AKSUToast.swift */ = {isa = PBXFileReference; fileEncoding = 4; lastKnownFileType = sourcecode.swift; path = AKSUToast.swift; sourceTree = "<group>"; };
/* End PBXFileReference section */

/* Begin PBXFrameworksBuildPhase section */
		3919F72C2C83157000E63624 /* Frameworks */ = {
			isa = PBXFrameworksBuildPhase;
			buildActionMask = 2147483647;
			files = (
			);
			runOnlyForDeploymentPostprocessing = 0;
		};
/* End PBXFrameworksBuildPhase section */

/* Begin PBXGroup section */
		3919F7262C83157000E63624 = {
			isa = PBXGroup;
			children = (
				3919F7312C83157000E63624 /* AKSwiftUI */,
				3919F7302C83157000E63624 /* Products */,
				933218C82C8AE90700F32103 /* Frameworks */,
			);
			sourceTree = "<group>";
		};
		3919F7302C83157000E63624 /* Products */ = {
			isa = PBXGroup;
			children = (
				3919F72F2C83157000E63624 /* AKSwiftUI.app */,
			);
			name = Products;
			sourceTree = "<group>";
		};
		3919F7312C83157000E63624 /* AKSwiftUI */ = {
			isa = PBXGroup;
			children = (
				9355A0732CA519F600CA164C /* AKSwiftUI */,
				3919F7322C83157000E63624 /* AKSwiftUIApp.swift */,
				3919F7342C83157000E63624 /* SplitWndContentView.swift */,
				93509D642C88A7BC00CA3645 /* SplitContentView.swift */,
				3919F7362C83157100E63624 /* Assets.xcassets */,
				3919F7382C83157100E63624 /* Preview Content */,
			);
			path = AKSwiftUI;
			sourceTree = "<group>";
		};
		3919F7382C83157100E63624 /* Preview Content */ = {
			isa = PBXGroup;
			children = (
				3919F7392C83157100E63624 /* Preview Assets.xcassets */,
			);
			path = "Preview Content";
			sourceTree = "<group>";
		};
		933218C82C8AE90700F32103 /* Frameworks */ = {
			isa = PBXGroup;
			children = (
			);
			name = Frameworks;
			sourceTree = "<group>";
		};
		9355A04F2CA519F600CA164C /* Animation */ = {
			isa = PBXGroup;
			children = (
				9355A04E2CA519F600CA164C /* AKSUStepAnimationView.swift */,
			);
			path = Animation;
			sourceTree = "<group>";
		};
		9355A0552CA519F600CA164C /* Helper */ = {
			isa = PBXGroup;
			children = (
				9355A0502CA519F600CA164C /* AKSUAnyViewArrayBuilder.swift */,
				9355A0512CA519F600CA164C /* AKSUClickGesture.swift */,
				9355A0522CA519F600CA164C /* AKSUMouseEventMonitor.swift */,
				9355A0532CA519F600CA164C /* AKSUMouseEventView.swift */,
				9355A0542CA519F600CA164C /* AKSUScreen.swift */,
				9339A1AC2CA99EEC00EC9A7A /* AKSUWindow.swift */,
				9339A1B22CAACFBB00EC9A7A /* AKSUKeyPressMonitor.swift */,
			);
			path = Helper;
			sourceTree = "<group>";
		};
		9355A05C2CA519F600CA164C /* Layout */ = {
			isa = PBXGroup;
			children = (
				9355A0562CA519F600CA164C /* AKSUFlex.swift */,
				9355A0572CA519F600CA164C /* AKSUGrid.swift */,
				9355A0582CA519F600CA164C /* AKSUSplitStack.swift */,
				9355A0592CA519F600CA164C /* AKSUSplitWnd.swift */,
				9355A05A2CA519F600CA164C /* AKSUWarpStack.swift */,
				9355A05B2CA519F600CA164C /* AKSUWindowAccessor.swift */,
			);
			path = Layout;
			sourceTree = "<group>";
		};
		9355A05F2CA519F600CA164C /* Theme */ = {
			isa = PBXGroup;
			children = (
				9355A05D2CA519F600CA164C /* AKSUColor.swift */,
				9355A05E2CA519F600CA164C /* AKSUFont.swift */,
				9350172C2CA93A7900E44CB4 /* AKSUAppearance.swift */,
			);
			path = Theme;
			sourceTree = "<group>";
		};
		9355A0732CA519F600CA164C /* AKSwiftUI */ = {
			isa = PBXGroup;
			children = (
				9355A04F2CA519F600CA164C /* Animation */,
				9355A0552CA519F600CA164C /* Helper */,
				9355A05C2CA519F600CA164C /* Layout */,
				9355A05F2CA519F600CA164C /* Theme */,
				9355A0602CA519F600CA164C /* AKSUBadges.swift */,
				9355A0612CA519F600CA164C /* AKSUButton.swift */,
				9355A0622CA519F600CA164C /* AKSUCheckBox.swift */,
				9355A0632CA519F600CA164C /* AKSUCircleProgress.swift */,
				9355A0642CA519F600CA164C /* AKSUCircleRingShape.swift */,
				9355A0652CA519F600CA164C /* AKSUClick.swift */,
				9355A0662CA519F600CA164C /* AKSUCollapse.swift */,
				9355A0672CA519F600CA164C /* AKSUContainBox.swift */,
				9355A0682CA519F600CA164C /* AKSUDropdown.swift */,
				9355A0692CA519F600CA164C /* AKSUInput.swift */,
				9355A06A2CA519F600CA164C /* AKSUInputGroup.swift */,
				9355A06B2CA519F600CA164C /* AKSUPopover.swift */,
				9355A06C2CA519F600CA164C /* AKSUPopWnd.swift */,
				9355A06D2CA519F600CA164C /* AKSUProgress.swift */,
				9355A06E2CA519F600CA164C /* AKSURadio.swift */,
				9355A06F2CA519F600CA164C /* AKSURange.swift */,
				9355A0702CA519F600CA164C /* AKSUSegment.swift */,
				9355A0712CA519F600CA164C /* AKSUTable.swift */,
				9355A0722CA519F600CA164C /* AKSUToast.swift */,
				9339A1AE2CAACEA900EC9A7A /* AKSUInputPin.swift */,
				9339A1B02CAACEB800EC9A7A /* AKSUStep.swift */,
			);
			name = AKSwiftUI;
			path = Sources/AKSwiftUI;
			sourceTree = SOURCE_ROOT;
		};
/* End PBXGroup section */

/* Begin PBXNativeTarget section */
		3919F72E2C83157000E63624 /* AKSwiftUI */ = {
			isa = PBXNativeTarget;
			buildConfigurationList = 3919F73E2C83157100E63624 /* Build configuration list for PBXNativeTarget "AKSwiftUI" */;
			buildPhases = (
				3919F72B2C83157000E63624 /* Sources */,
				3919F72C2C83157000E63624 /* Frameworks */,
				3919F72D2C83157000E63624 /* Resources */,
			);
			buildRules = (
			);
			dependencies = (
			);
			name = AKSwiftUI;
			productName = AKSwiftUI;
			productReference = 3919F72F2C83157000E63624 /* AKSwiftUI.app */;
			productType = "com.apple.product-type.application";
		};
/* End PBXNativeTarget section */

/* Begin PBXProject section */
		3919F7272C83157000E63624 /* Project object */ = {
			isa = PBXProject;
			attributes = {
				BuildIndependentTargetsInParallel = 1;
				LastSwiftUpdateCheck = 1540;
				LastUpgradeCheck = 1540;
				TargetAttributes = {
					3919F72E2C83157000E63624 = {
						CreatedOnToolsVersion = 15.4;
					};
				};
			};
			buildConfigurationList = 3919F72A2C83157000E63624 /* Build configuration list for PBXProject "AKSwiftUI" */;
			compatibilityVersion = "Xcode 14.0";
			developmentRegion = en;
			hasScannedForEncodings = 0;
			knownRegions = (
				en,
				Base,
			);
			mainGroup = 3919F7262C83157000E63624;
			productRefGroup = 3919F7302C83157000E63624 /* Products */;
			projectDirPath = "";
			projectRoot = "";
			targets = (
				3919F72E2C83157000E63624 /* AKSwiftUI */,
			);
		};
/* End PBXProject section */

/* Begin PBXResourcesBuildPhase section */
		3919F72D2C83157000E63624 /* Resources */ = {
			isa = PBXResourcesBuildPhase;
			buildActionMask = 2147483647;
			files = (
				3919F73A2C83157100E63624 /* Preview Assets.xcassets in Resources */,
				3919F7372C83157100E63624 /* Assets.xcassets in Resources */,
			);
			runOnlyForDeploymentPostprocessing = 0;
		};
/* End PBXResourcesBuildPhase section */

/* Begin PBXSourcesBuildPhase section */
		3919F72B2C83157000E63624 /* Sources */ = {
			isa = PBXSourcesBuildPhase;
			buildActionMask = 2147483647;
			files = (
				9355A0772CA519F600CA164C /* AKSUMouseEventMonitor.swift in Sources */,
				93509D652C88A7BC00CA3645 /* SplitContentView.swift in Sources */,
				9355A08D2CA519F600CA164C /* AKSUPopover.swift in Sources */,
				9355A0932CA519F600CA164C /* AKSUTable.swift in Sources */,
				9355A07E2CA519F600CA164C /* AKSUWarpStack.swift in Sources */,
				9339A1B32CAACFBB00EC9A7A /* AKSUKeyPressMonitor.swift in Sources */,
				9355A0752CA519F600CA164C /* AKSUAnyViewArrayBuilder.swift in Sources */,
				9355A0912CA519F600CA164C /* AKSURange.swift in Sources */,
				9355A0892CA519F600CA164C /* AKSUContainBox.swift in Sources */,
				9355A0792CA519F600CA164C /* AKSUScreen.swift in Sources */,
				9355A0862CA519F600CA164C /* AKSUCircleRingShape.swift in Sources */,
				9355A0822CA519F600CA164C /* AKSUBadges.swift in Sources */,
				9339A1AF2CAACEA900EC9A7A /* AKSUInputPin.swift in Sources */,
				9355A0742CA519F600CA164C /* AKSUStepAnimationView.swift in Sources */,
				9355A08B2CA519F600CA164C /* AKSUInput.swift in Sources */,
				3919F7352C83157000E63624 /* SplitWndContentView.swift in Sources */,
				9355A0852CA519F600CA164C /* AKSUCircleProgress.swift in Sources */,
				9355A0902CA519F600CA164C /* AKSURadio.swift in Sources */,
				9355A07A2CA519F600CA164C /* AKSUFlex.swift in Sources */,
				9355A0782CA519F600CA164C /* AKSUMouseEventView.swift in Sources */,
				9339A1AD2CA99EEC00EC9A7A /* AKSUWindow.swift in Sources */,
				9355A0832CA519F600CA164C /* AKSUButton.swift in Sources */,
				9355A07F2CA519F600CA164C /* AKSUWindowAccessor.swift in Sources */,
				9355A0922CA519F600CA164C /* AKSUSegment.swift in Sources */,
				9355A08C2CA519F600CA164C /* AKSUInputGroup.swift in Sources */,
				9355A08F2CA519F600CA164C /* AKSUProgress.swift in Sources */,
				9355A0812CA519F600CA164C /* AKSUFont.swift in Sources */,
				9350172D2CA93A7900E44CB4 /* AKSUAppearance.swift in Sources */,
				9355A07B2CA519F600CA164C /* AKSUGrid.swift in Sources */,
				9355A07D2CA519F600CA164C /* AKSUSplitWnd.swift in Sources */,
				9355A07C2CA519F600CA164C /* AKSUSplitStack.swift in Sources */,
				9355A0842CA519F600CA164C /* AKSUCheckBox.swift in Sources */,
				9355A08E2CA519F600CA164C /* AKSUPopWnd.swift in Sources */,
				9355A0802CA519F600CA164C /* AKSUColor.swift in Sources */,
				9339A1B12CAACEB800EC9A7A /* AKSUStep.swift in Sources */,
				9355A0882CA519F600CA164C /* AKSUCollapse.swift in Sources */,
				9355A08A2CA519F600CA164C /* AKSUDropdown.swift in Sources */,
				9355A0762CA519F600CA164C /* AKSUClickGesture.swift in Sources */,
				9355A0942CA519F600CA164C /* AKSUToast.swift in Sources */,
				3919F7332C83157000E63624 /* AKSwiftUIApp.swift in Sources */,
				9355A0872CA519F600CA164C /* AKSUClick.swift in Sources */,
			);
			runOnlyForDeploymentPostprocessing = 0;
		};
/* End PBXSourcesBuildPhase section */

/* Begin XCBuildConfiguration section */
		3919F73C2C83157100E63624 /* Debug */ = {
			isa = XCBuildConfiguration;
			buildSettings = {
				ALWAYS_SEARCH_USER_PATHS = NO;
				ASSETCATALOG_COMPILER_GENERATE_SWIFT_ASSET_SYMBOL_EXTENSIONS = YES;
				CLANG_ANALYZER_NONNULL = YES;
				CLANG_ANALYZER_NUMBER_OBJECT_CONVERSION = YES_AGGRESSIVE;
				CLANG_CXX_LANGUAGE_STANDARD = "gnu++20";
				CLANG_ENABLE_MODULES = YES;
				CLANG_ENABLE_OBJC_ARC = YES;
				CLANG_ENABLE_OBJC_WEAK = YES;
				CLANG_WARN_BLOCK_CAPTURE_AUTORELEASING = YES;
				CLANG_WARN_BOOL_CONVERSION = YES;
				CLANG_WARN_COMMA = YES;
				CLANG_WARN_CONSTANT_CONVERSION = YES;
				CLANG_WARN_DEPRECATED_OBJC_IMPLEMENTATIONS = YES;
				CLANG_WARN_DIRECT_OBJC_ISA_USAGE = YES_ERROR;
				CLANG_WARN_DOCUMENTATION_COMMENTS = YES;
				CLANG_WARN_EMPTY_BODY = YES;
				CLANG_WARN_ENUM_CONVERSION = YES;
				CLANG_WARN_INFINITE_RECURSION = YES;
				CLANG_WARN_INT_CONVERSION = YES;
				CLANG_WARN_NON_LITERAL_NULL_CONVERSION = YES;
				CLANG_WARN_OBJC_IMPLICIT_RETAIN_SELF = YES;
				CLANG_WARN_OBJC_LITERAL_CONVERSION = YES;
				CLANG_WARN_OBJC_ROOT_CLASS = YES_ERROR;
				CLANG_WARN_QUOTED_INCLUDE_IN_FRAMEWORK_HEADER = YES;
				CLANG_WARN_RANGE_LOOP_ANALYSIS = YES;
				CLANG_WARN_STRICT_PROTOTYPES = YES;
				CLANG_WARN_SUSPICIOUS_MOVE = YES;
				CLANG_WARN_UNGUARDED_AVAILABILITY = YES_AGGRESSIVE;
				CLANG_WARN_UNREACHABLE_CODE = YES;
				CLANG_WARN__DUPLICATE_METHOD_MATCH = YES;
				COPY_PHASE_STRIP = NO;
				DEBUG_INFORMATION_FORMAT = dwarf;
				ENABLE_STRICT_OBJC_MSGSEND = YES;
				ENABLE_TESTABILITY = YES;
				ENABLE_USER_SCRIPT_SANDBOXING = YES;
				GCC_C_LANGUAGE_STANDARD = gnu17;
				GCC_DYNAMIC_NO_PIC = NO;
				GCC_NO_COMMON_BLOCKS = YES;
				GCC_OPTIMIZATION_LEVEL = 0;
				GCC_PREPROCESSOR_DEFINITIONS = (
					"DEBUG=1",
					"$(inherited)",
				);
				GCC_WARN_64_TO_32_BIT_CONVERSION = YES;
				GCC_WARN_ABOUT_RETURN_TYPE = YES_ERROR;
				GCC_WARN_UNDECLARED_SELECTOR = YES;
				GCC_WARN_UNINITIALIZED_AUTOS = YES_AGGRESSIVE;
				GCC_WARN_UNUSED_FUNCTION = YES;
				GCC_WARN_UNUSED_VARIABLE = YES;
				LOCALIZATION_PREFERS_STRING_CATALOGS = YES;
				MACOSX_DEPLOYMENT_TARGET = 14.5;
				MTL_ENABLE_DEBUG_INFO = INCLUDE_SOURCE;
				MTL_FAST_MATH = YES;
				ONLY_ACTIVE_ARCH = YES;
				SDKROOT = macosx;
				SWIFT_ACTIVE_COMPILATION_CONDITIONS = "DEBUG $(inherited)";
				SWIFT_OPTIMIZATION_LEVEL = "-Onone";
			};
			name = Debug;
		};
		3919F73D2C83157100E63624 /* Release */ = {
			isa = XCBuildConfiguration;
			buildSettings = {
				ALWAYS_SEARCH_USER_PATHS = NO;
				ASSETCATALOG_COMPILER_GENERATE_SWIFT_ASSET_SYMBOL_EXTENSIONS = YES;
				CLANG_ANALYZER_NONNULL = YES;
				CLANG_ANALYZER_NUMBER_OBJECT_CONVERSION = YES_AGGRESSIVE;
				CLANG_CXX_LANGUAGE_STANDARD = "gnu++20";
				CLANG_ENABLE_MODULES = YES;
				CLANG_ENABLE_OBJC_ARC = YES;
				CLANG_ENABLE_OBJC_WEAK = YES;
				CLANG_WARN_BLOCK_CAPTURE_AUTORELEASING = YES;
				CLANG_WARN_BOOL_CONVERSION = YES;
				CLANG_WARN_COMMA = YES;
				CLANG_WARN_CONSTANT_CONVERSION = YES;
				CLANG_WARN_DEPRECATED_OBJC_IMPLEMENTATIONS = YES;
				CLANG_WARN_DIRECT_OBJC_ISA_USAGE = YES_ERROR;
				CLANG_WARN_DOCUMENTATION_COMMENTS = YES;
				CLANG_WARN_EMPTY_BODY = YES;
				CLANG_WARN_ENUM_CONVERSION = YES;
				CLANG_WARN_INFINITE_RECURSION = YES;
				CLANG_WARN_INT_CONVERSION = YES;
				CLANG_WARN_NON_LITERAL_NULL_CONVERSION = YES;
				CLANG_WARN_OBJC_IMPLICIT_RETAIN_SELF = YES;
				CLANG_WARN_OBJC_LITERAL_CONVERSION = YES;
				CLANG_WARN_OBJC_ROOT_CLASS = YES_ERROR;
				CLANG_WARN_QUOTED_INCLUDE_IN_FRAMEWORK_HEADER = YES;
				CLANG_WARN_RANGE_LOOP_ANALYSIS = YES;
				CLANG_WARN_STRICT_PROTOTYPES = YES;
				CLANG_WARN_SUSPICIOUS_MOVE = YES;
				CLANG_WARN_UNGUARDED_AVAILABILITY = YES_AGGRESSIVE;
				CLANG_WARN_UNREACHABLE_CODE = YES;
				CLANG_WARN__DUPLICATE_METHOD_MATCH = YES;
				COPY_PHASE_STRIP = NO;
				DEBUG_INFORMATION_FORMAT = "dwarf-with-dsym";
				ENABLE_NS_ASSERTIONS = NO;
				ENABLE_STRICT_OBJC_MSGSEND = YES;
				ENABLE_USER_SCRIPT_SANDBOXING = YES;
				GCC_C_LANGUAGE_STANDARD = gnu17;
				GCC_NO_COMMON_BLOCKS = YES;
				GCC_WARN_64_TO_32_BIT_CONVERSION = YES;
				GCC_WARN_ABOUT_RETURN_TYPE = YES_ERROR;
				GCC_WARN_UNDECLARED_SELECTOR = YES;
				GCC_WARN_UNINITIALIZED_AUTOS = YES_AGGRESSIVE;
				GCC_WARN_UNUSED_FUNCTION = YES;
				GCC_WARN_UNUSED_VARIABLE = YES;
				LOCALIZATION_PREFERS_STRING_CATALOGS = YES;
				MACOSX_DEPLOYMENT_TARGET = 14.5;
				MTL_ENABLE_DEBUG_INFO = NO;
				MTL_FAST_MATH = YES;
				SDKROOT = macosx;
				SWIFT_COMPILATION_MODE = wholemodule;
			};
			name = Release;
		};
		3919F73F2C83157100E63624 /* Debug */ = {
			isa = XCBuildConfiguration;
			buildSettings = {
				ASSETCATALOG_COMPILER_APPICON_NAME = AppIcon;
				ASSETCATALOG_COMPILER_GLOBAL_ACCENT_COLOR_NAME = AccentColor;
				CODE_SIGN_ENTITLEMENTS = "";
				CODE_SIGN_STYLE = Manual;
				COMBINE_HIDPI_IMAGES = YES;
				CURRENT_PROJECT_VERSION = 1;
				DEVELOPMENT_ASSET_PATHS = "\"AKSwiftUI/Preview Content\"";
				DEVELOPMENT_TEAM = "";
				ENABLE_HARDENED_RUNTIME = NO;
				ENABLE_PREVIEWS = YES;
				GENERATE_INFOPLIST_FILE = YES;
				INFOPLIST_FILE = "";
				INFOPLIST_KEY_NSHumanReadableCopyright = "";
				LD_RUNPATH_SEARCH_PATHS = (
					"$(inherited)",
					"@executable_path/../Frameworks",
				);
				MACOSX_DEPLOYMENT_TARGET = 12.0;
				MARKETING_VERSION = 1.0;
				PRODUCT_BUNDLE_IDENTIFIER = com.alwaysking.AKSwiftUI;
				PRODUCT_NAME = "$(TARGET_NAME)";
				PROVISIONING_PROFILE_SPECIFIER = "";
				SWIFT_EMIT_LOC_STRINGS = YES;
				SWIFT_VERSION = 5.0;
			};
			name = Debug;
		};
		3919F7402C83157100E63624 /* Release */ = {
			isa = XCBuildConfiguration;
			buildSettings = {
				ASSETCATALOG_COMPILER_APPICON_NAME = AppIcon;
				ASSETCATALOG_COMPILER_GLOBAL_ACCENT_COLOR_NAME = AccentColor;
				CODE_SIGN_ENTITLEMENTS = "";
				CODE_SIGN_STYLE = Manual;
				COMBINE_HIDPI_IMAGES = YES;
				CURRENT_PROJECT_VERSION = 1;
				DEVELOPMENT_ASSET_PATHS = "\"AKSwiftUI/Preview Content\"";
				DEVELOPMENT_TEAM = "";
				ENABLE_HARDENED_RUNTIME = NO;
				ENABLE_PREVIEWS = YES;
				GENERATE_INFOPLIST_FILE = YES;
				INFOPLIST_FILE = "";
				INFOPLIST_KEY_NSHumanReadableCopyright = "";
				LD_RUNPATH_SEARCH_PATHS = (
					"$(inherited)",
					"@executable_path/../Frameworks",
				);
				MACOSX_DEPLOYMENT_TARGET = 12.0;
				MARKETING_VERSION = 1.0;
				PRODUCT_BUNDLE_IDENTIFIER = com.alwaysking.AKSwiftUI;
				PRODUCT_NAME = "$(TARGET_NAME)";
				PROVISIONING_PROFILE_SPECIFIER = "";
				SWIFT_EMIT_LOC_STRINGS = YES;
				SWIFT_VERSION = 5.0;
			};
			name = Release;
		};
/* End XCBuildConfiguration section */

/* Begin XCConfigurationList section */
		3919F72A2C83157000E63624 /* Build configuration list for PBXProject "AKSwiftUI" */ = {
			isa = XCConfigurationList;
			buildConfigurations = (
				3919F73C2C83157100E63624 /* Debug */,
				3919F73D2C83157100E63624 /* Release */,
			);
			defaultConfigurationIsVisible = 0;
			defaultConfigurationName = Release;
		};
		3919F73E2C83157100E63624 /* Build configuration list for PBXNativeTarget "AKSwiftUI" */ = {
			isa = XCConfigurationList;
			buildConfigurations = (
				3919F73F2C83157100E63624 /* Debug */,
				3919F7402C83157100E63624 /* Release */,
			);
			defaultConfigurationIsVisible = 0;
			defaultConfigurationName = Release;
		};
/* End XCConfigurationList section */
	};
	rootObject = 3919F7272C83157000E63624 /* Project object */;
}
